{
  "lockfileVersion": 2,
  "configVersion": 1,
  "workspaces": {
    "": {
      "name": "vue-vapor-spa-example",
      "dependencies": {
        "vue": "3.6.0-beta.9",
      },
    },
  },
  "packages": {
    "@babel/helper-string-parser": ["@babel/helper-string-parser@7.29.7", "", {}, "sha512-Pb5ijPrZ89GDH8223L4UP8i6QApWxs04RbPQJTeWDV0/keR2E36MeKnyr6LYmUUvqRRI+Iv87SuF1W6ErINzYw=="],

    "@babel/helper-validator-identifier": ["@babel/helper-validator-identifier@7.29.7", "", {}, "sha512-qehxGkRj55h/ff8EMaJ+cYhyaKlHIxqYDn682wQD7RNp9UujOQsHog2uS0r2vzr4pW+sXf90NeeayjcNaX3fFg=="],

    "@babel/parser": ["@babel/parser@7.29.7", "", { "dependencies": { "@babel/types": "^7.29.7" }, "bin": "./bin/babel-parser.js" }, "sha512-hnORnjP/1P/zFEndoeX+n+t1RwWRJiJpM/jO7FW32Kn9r5+sJB2JWOdYo4L6k78j15eCwY3Gm/7364B1EMwtNg=="],

    "@babel/types": ["@babel/types@7.29.7", "", { "dependencies": { "@babel/helper-string-parser": "^7.29.7", "@babel/helper-validator-identifier": "^7.29.7" } }, "sha512-4zBIxpPzowiZpusoFkyGVwakdRJUyuH5PxQ/PrqghfdFWWasvnCdPfQXHrenDai+gyLARulZjZowCOj6fjT4pA=="],

    "@jridgewell/sourcemap-codec": ["@jridgewell/sourcemap-codec@1.5.5", "", {}, "sha512-cYQ9310grqxueWbl+WuIUIaiUaDcj7WOq5fVhEljNVgRfOUhY9fy2zTvfoqWsnebh8Sl70VScFbICvJnLKB0Og=="],

    "@vue/compiler-core": ["@vue/compiler-core@3.6.0-beta.9", "", { "dependencies": { "@babel/parser": "^7.29.2", "@vue/shared": "3.6.0-beta.9", "entities": "^7.0.1", "estree-walker": "^2.0.2", "source-map-js": "^1.2.1" } }, "sha512-/qlfk4cbU//tgdwWeAbl4kBvH5ZocjJ6CMGigzRKk1So/0jl6kRpFxVbc6oNsYYH6Xj28ByA+msAes1FjExejg=="],

    "@vue/compiler-dom": ["@vue/compiler-dom@3.6.0-beta.9", "", { "dependencies": { "@vue/compiler-core": "3.6.0-beta.9", "@vue/shared": "3.6.0-beta.9" } }, "sha512-Bh2h+Co2Vl85jhNjR+yBU1oIujqQ3XIhF7FzODBStvp8yn2WvsXmm5QlvnE7q+smJkfglTbfFcaou8fjR0Y4ag=="],

    "@vue/compiler-sfc": ["@vue/compiler-sfc@3.6.0-beta.9", "", { "dependencies": { "@babel/parser": "^7.29.2", "@vue/compiler-core": "3.6.0-beta.9", "@vue/compiler-dom": "3.6.0-beta.9", "@vue/compiler-ssr": "3.6.0-beta.9", "@vue/compiler-vapor": "3.6.0-beta.9", "@vue/shared": "3.6.0-beta.9", "estree-walker": "^2.0.2", "magic-string": "^0.30.21", "postcss": "^8.5.8", "source-map-js": "^1.2.1" } }, "sha512-13MwFqrIN+AFxR5uT88WYaMTxXycpNNI75sIllz5blXbFaBsDfiegQZj10Pj5G3cgH7WFy2Trs1rTlXrmSgG/w=="],

    "@vue/compiler-ssr": ["@vue/compiler-ssr@3.6.0-beta.9", "", { "dependencies": { "@vue/compiler-dom": "3.6.0-beta.9", "@vue/shared": "3.6.0-beta.9" } }, "sha512-ufzHVMJoMz7QzMFop03a8KpWAWUh4hiof/tJXvxiDClIFUY7P5OrKk644fV9qlWgTP7V+eQvA7kVSEVRUgYjvA=="],

    "@vue/compiler-vapor": ["@vue/compiler-vapor@3.6.0-beta.9", "", { "dependencies": { "@babel/parser": "^7.29.2", "@vue/compiler-dom": "3.6.0-beta.9", "@vue/shared": "3.6.0-beta.9", "estree-walker": "^2.0.2", "source-map-js": "^1.2.1" } }, "sha512-1WWCcRjkH/scYJ8dsjNp8+NDf4f9SwQgOcd4Hbl5p0srNPflqrQYvAaJh4N2Szxj5FdkXw2t5uiK35TpFM5uKA=="],

    "@vue/reactivity": ["@vue/reactivity@3.6.0-beta.9", "", { "dependencies": { "@vue/shared": "3.6.0-beta.9" } }, "sha512-Mo0GjZB/q7LUJplPjBdKqAAk4mawkzvnk2nNf9CEetp4RQJP5/e/DdmgjYBsr/+UVX5ShasCalwdyknuuIepdw=="],

    "@vue/runtime-core": ["@vue/runtime-core@3.6.0-beta.9", "", { "dependencies": { "@vue/reactivity": "3.6.0-beta.9", "@vue/shared": "3.6.0-beta.9" } }, "sha512-IPbO/cmw0BSHec17fSE8Mbtv0UFBiiiGhvlUGiJWTa/eOlbiO+mZ9/PRRUQ+v/tkKuwFSzKye7KOKj5aFO1dgQ=="],

    "@vue/runtime-dom": ["@vue/runtime-dom@3.6.0-beta.9", "", { "dependencies": { "@vue/reactivity": "3.6.0-beta.9", "@vue/runtime-core": "3.6.0-beta.9", "@vue/shared": "3.6.0-beta.9", "csstype": "^3.2.3" } }, "sha512-+WV0V1s/uf9iFwZt41lOtJHbIqKyYdEO+nmW0UOnQLjG9ELz6rKuZ92fEim6NPcKCsucv2BoB1mK9T82khYqgg=="],

    "@vue/runtime-vapor": ["@vue/runtime-vapor@3.6.0-beta.9", "", { "dependencies": { "@vue/reactivity": "3.6.0-beta.9", "@vue/shared": "3.6.0-beta.9" }, "peerDependencies": { "@vue/runtime-dom": "3.6.0-beta.9" } }, "sha512-UlAziGF77byUa84RgkIdCT4bleZbB4UvQvmxdGHFfscGylSABBZHAMR8WJIwBsy1MsZnlpRSSeDAYB20RicrhQ=="],

    "@vue/server-renderer": ["@vue/server-renderer@3.6.0-beta.9", "", { "dependencies": { "@vue/compiler-ssr": "3.6.0-beta.9", "@vue/shared": "3.6.0-beta.9" }, "peerDependencies": { "vue": "3.6.0-beta.9" } }, "sha512-qyz37g6pmwHvtXbe7CWKm5+VTmCs4mHrC1uDw4OVZlvwDDZb9pWMzW0kOrzhj1iI6sZ4D9k5fYQIdzBqB7aOqw=="],

    "@vue/shared": ["@vue/shared@3.6.0-beta.9", "", {}, "sha512-nY6DXeelJsmveeNk5YZYGd8q0ulWXACL8Qs/qvkPC4HQkyhPgf+Ja00AkG2hYsEI8Uixia2UpQl4CbObzw0hag=="],

    "csstype": ["csstype@3.2.3", "", {}, "sha512-z1HGKcYy2xA8AGQfwrn0PAy+PB7X/GSj3UVJW9qKyn43xWa+gl5nXmU4qqLMRzWVLFC8KusUX8T/0kCiOYpAIQ=="],

    "entities": ["entities@7.0.1", "", {}, "sha512-TWrgLOFUQTH994YUyl1yT4uyavY5nNB5muff+RtWaqNVCAK408b5ZnnbNAUEWLTCpum9w6arT70i1XdQ4UeOPA=="],

    "estree-walker": ["estree-walker@2.0.2", "", {}, "sha512-Rfkk/Mp/DL7JVje3u18FxFujQlTNR2q6QfMSMB7AvCBx91NGj/ba3kCfza0f6dVDbw7YlRf/nDrn7pQrCCyQ/w=="],

    "magic-string": ["magic-string@0.30.21", "", { "dependencies": { "@jridgewell/sourcemap-codec": "^1.5.5" } }, "sha512-vd2F4YUyEXKGcLHoq+TEyCjxueSeHnFxyyjNp80yg0XV4vUhnDer/lvvlqM/arB5bXQN5K2/3oinyCRyx8T2CQ=="],

    "nanoid": ["nanoid@3.3.16", "", { "bin": { "nanoid": "bin/nanoid.cjs" } }, "sha512-bzlKTyNJ7+LdGIIwy8ijFpIqEQIvafahV7eYykJ8Cvh42EdJeODoJ6gUJXpQJvej1BddH8OqTXZNE/KfbWAu8Q=="],

    "picocolors": ["picocolors@1.1.1", "", {}, "sha512-xceH2snhtb5M9liqDsmEw56le376mTZkEX/jEb/RxNFyegNul7eNslCXP9FDj/Lcu0X8KEyMceP2ntpaHrDEVA=="],

    "postcss": ["postcss@8.5.23", "", { "dependencies": { "nanoid": "^3.3.16", "picocolors": "^1.1.1", "source-map-js": "^1.2.1" } }, "sha512-g50586zr4bZmwFiTlflMu8E0bDTb5I5gertgwAKmsdUlTQIhZtunzUlD1WSzwcVWPoAVpsrA6vlfCD7oXvRwgg=="],

    "source-map-js": ["source-map-js@1.2.1", "", {}, "sha512-UXWMKhLOwVKb728IUtQPXxfYU+usdybtUrK/8uGE8CQMvrhOpwvzDBwj0QhSL7MQc7vIsISBG8VQ8+IDQxpfQA=="],

    "vue": ["vue@3.6.0-beta.9", "", { "dependencies": { "@vue/compiler-dom": "3.6.0-beta.9", "@vue/compiler-sfc": "3.6.0-beta.9", "@vue/runtime-dom": "3.6.0-beta.9", "@vue/runtime-vapor": "3.6.0-beta.9", "@vue/server-renderer": "3.6.0-beta.9", "@vue/shared": "3.6.0-beta.9" }, "peerDependencies": { "typescript": "*" }, "optionalPeers": ["typescript"] }, "sha512-K/+HT52OAZvaNDDMvT+Lfk36e/97PsyJyDWXM0FDfLQKGbEDXsd4pSQz+BJViGssLcltQLSTlSqQlZ6fkGo5CA=="],
  }
}
