{
  "lockfileVersion": 2,
  "configVersion": 1,
  "workspaces": {
    "": {
      "name": "lit-playground",
      "dependencies": {
        "@lit-labs/compiler": "^1.1.2",
        "@lit-labs/motion": "^1.1.0",
        "@lit-labs/router": "^0.1.4",
        "gcc-ts-bundler": "link:gcc-ts-bundler",
        "lit": "^3.3.2",
      },
    },
  },
  "packages": {
    "@lit-labs/analyzer": ["@lit-labs/analyzer@0.14.0", "", { "dependencies": { "@parse5/tools": "^0.7.0", "lit-html": "^3.1.2", "package-json-type": "^1.0.3", "parse5": "^7.3.0", "typescript": "~5.9.0" } }, "sha512-6/tjKDvA5pOea5t1OUYQ5dwPSQrTt7baSnDkT3q3j+/al/rHQPJmP+EWb/sSKc8e9dnJ1BAlMEN/9V4HVYAY6g=="],

    "@lit-labs/compiler": ["@lit-labs/compiler@1.1.2", "", { "dependencies": { "@lit-labs/analyzer": "^0.14.0", "@parse5/tools": "^0.3.0", "lit-html": "^3.2.0", "parse5": "^7.1.2", "typescript": "~5.9.0" } }, "sha512-wVC7UB6cuyiQYJ+LznrJl12+4kSXe36um0Nx5gZIWJ8Vose7fZCcfP4+eSN/gGMSkZ/IXBVp/hDqfqp0r8v+Qg=="],

    "@lit-labs/motion": ["@lit-labs/motion@1.1.0", "", { "dependencies": { "lit": "^3.1.2", "wobble": "^1.5.1" } }, "sha512-ZIVr97dCfOCXWwHczsZ/46BCia+uEjZ15sDTo2cY9L61sWWjngvV80CXn2NPjcb/cl7LJpPJXhFOLYNlXKzKJA=="],

    "@lit-labs/router": ["@lit-labs/router@0.1.4", "", { "dependencies": { "lit": "^2.0.0 || ^3.0.0" } }, "sha512-xURH6fOPE0MYfXa1nyl+qTIhZRVWkFa2oggTRodKAI2q/HjA2Va7HEKe7fMm8DdnFE+zEI2aUGnStawKpVh3lQ=="],

    "@lit-labs/ssr-dom-shim": ["@lit-labs/ssr-dom-shim@1.6.0", "", {}, "sha512-VHb0ALPMTlgKjM6yIxxoQNnpKyUKLD04VzeQdsiXkMqkvYlAHxq9glGLmgbb889/1GsohSOAjvQYoiBppXFqrQ=="],

    "@lit/reactive-element": ["@lit/reactive-element@2.1.2", "", { "dependencies": { "@lit-labs/ssr-dom-shim": "^1.5.0" } }, "sha512-pbCDiVMnne1lYUIaYNN5wrwQXDtHaYtg7YEFPeW+hws6U47WeFvISGUWekPGKWOP1ygrs0ef0o1VJMk1exos5A=="],

    "@parse5/tools": ["@parse5/tools@0.3.0", "", { "dependencies": { "parse5": "^7.0.0" } }, "sha512-zxRyTHkqb7WQMV8kTNBKWb1BeOFUKXBXTBWuxg9H9hfvQB3IwP6Iw2U75Ia5eyRxPNltmY7E8YAlz6zWwUnjKg=="],

    "@types/trusted-types": ["@types/trusted-types@2.0.7", "", {}, "sha512-ScaPdn1dQczgbl0QFTeTOmVHFULt394XJgOQNoyVhZ6r2vLnMLJfBPd53SB52T/3G36VI1/g2MZaX0cwDuXsfw=="],

    "entities": ["entities@6.0.1", "", {}, "sha512-aN97NXWF6AWBTahfVOIrB/NShkzi5H7F9r1s9mD3cDj4Ko5f2qhhVoYMibXF7GlLveb/D2ioWay8lxI97Ven3g=="],

    "gcc-ts-bundler": ["gcc-ts-bundler@link:gcc-ts-bundler", { "bin": { "gcc-ts-bundler": "bin/gcc-ts-bundler.mjs" } }],

    "lit": ["lit@3.3.3", "", { "dependencies": { "@lit/reactive-element": "^2.1.0", "lit-element": "^4.2.0", "lit-html": "^3.3.0" } }, "sha512-fycuvZg/hkpozL00lm1pEJH5nN/lr9ZXd6mJI2HSN4+Bzc+LDNdEApJ6HFbPkdFNHLvOplIIuJvxkS4XUxqirw=="],

    "lit-element": ["lit-element@4.2.2", "", { "dependencies": { "@lit-labs/ssr-dom-shim": "^1.5.0", "@lit/reactive-element": "^2.1.0", "lit-html": "^3.3.0" } }, "sha512-aFKhNToWxoyhkNDmWZwEva2SlQia+jfG0fjIWV//YeTaWrVnOxD89dPKfigCUspXFmjzOEUQpOkejH5Ly6sG0w=="],

    "lit-html": ["lit-html@3.3.3", "", { "dependencies": { "@types/trusted-types": "^2.0.2" } }, "sha512-el8M6jK2o3RXBnrSHX3ZKrsN8zEV63pSExTO1wYJz7QndGYZ8353e2a5PPX+qHe2aGayfnchQmkAojaWAREOIA=="],

    "package-json-type": ["package-json-type@1.1.2", "", {}, "sha512-QMy9vgEVIkHp/6LI0H7v6P+7ZFp0zQyPZfv8rGV/JoDhu63WMgzoQS34Pm+T0S5j/b9Zbkrx4SE8YOv2huou6Q=="],

    "parse5": ["parse5@7.3.0", "", { "dependencies": { "entities": "^6.0.0" } }, "sha512-IInvU7fabl34qmi9gY8XOVxhYyMyuH2xUNpb2q8/Y+7552KlejkRvqvD19nMoUW/uQGGbqNpA6Tufu5FL5BZgw=="],

    "typescript": ["typescript@5.9.3", "", { "bin": { "tsc": "bin/tsc", "tsserver": "bin/tsserver" } }, "sha512-jl1vZzPDinLr9eUt3J/t7V6FgNEw9QjvBPdysz9KfQDD41fQrC2Y4vKQdiaUpFT4bXlb1RHhLpp8wtm6M5TgSw=="],

    "wobble": ["wobble@1.5.1", "", {}, "sha512-vQD1uu0yXhZWfQJKVf2UVNb3AVnD0qXAbcIqG6Aw02ABLVm77xz6KcLuduWSwOiOMNh8TjZqouZsHTJWTdLwVQ=="],

    "@lit-labs/analyzer/@parse5/tools": ["@parse5/tools@0.7.0", "", { "peerDependencies": { "parse5": "7.x || 8.x" } }, "sha512-JDvrGhc8kYBq7/SM4obJkpgwWo6pRjF/fo9CCaiJyVOkDf203Ciq2UF6TjzCFXKs7Q/zS2sS4deyBx0XzRvh9Q=="],
  }
}
