{
  "lockfileVersion": 2,
  "configVersion": 1,
  "workspaces": {
    "": {
      "name": "lazy-chunks-demo",
      "dependencies": {
        "gcc-ts-bundler": "link:gcc-ts-bundler",
      },
    },
  },
  "packages": {
    "gcc-ts-bundler": ["gcc-ts-bundler@link:gcc-ts-bundler", { "bin": { "gcc-ts-bundler": "bin/gcc-ts-bundler.mjs" } }],
  }
}
